
Microsoft Visual Studio Solution File, Format Version 12.00
# Visual Studio 2013
VisualStudioVersion = 12.0.21005.1
MinimumVisualStudioVersion = 10.0.40219.1
Project("{FAE04EC0-301F-11D3-BF4B-00C04F79EFBC}") = "Phalanx.UI", "Phalanx.UI\Phalanx.UI.csproj", "{5554A014-C9F9-44CE-AEC7-AD3C3236C4A0}"
EndProject
Project("{FAE04EC0-301F-11D3-BF4B-00C04F79EFBC}") = "Phalanx.UI.Controls", "Phalanx.UI.Controls\Phalanx.UI.Controls.csproj", "{393A34FA-5668-48D1-BC8F-6409EE12EE60}"
EndProject
Project("{FAE04EC0-301F-11D3-BF4B-00C04F79EFBC}") = "Phalanx.Business", "Phalanx.Business\Phalanx.Business.csproj", "{6F845DD3-2F35-46BC-9892-15FD27BC072E}"
EndProject
Project("{FAE04EC0-301F-11D3-BF4B-00C04F79EFBC}") = "Phalanx.DataAccess", "Phalanx.DataAccess\Phalanx.DataAccess.csproj", "{ECED0CE5-02E8-46DB-B2F6-815E824B3EF0}"
EndProject
Project("{FAE04EC0-301F-11D3-BF4B-00C04F79EFBC}") = "Phalanx.Common", "Phalanx.Common\Phalanx.Common.csproj", "{A697586E-237E-43E5-90C9-7AB83B1922EF}"
EndProject
Global
	GlobalSection(TeamFoundationVersionControl) = preSolution
		SccNumberOfProjects = 6
		SccEnterpriseProvider = {4CA58AB2-18FA-4F8D-95D4-32DDF27D184C}
		SccTeamFoundationServer = https://lucasteles.visualstudio.com/defaultcollection
		SccLocalPath0 = .
		SccProjectUniqueName1 = Phalanx.Business\\Phalanx.Business.csproj
		SccProjectName1 = Phalanx.Business
		SccLocalPath1 = Phalanx.Business
		SccProjectUniqueName2 = Phalanx.Common\\Phalanx.Common.csproj
		SccProjectName2 = Phalanx.Common
		SccLocalPath2 = Phalanx.Common
		SccProjectUniqueName3 = Phalanx.DataAccess\\Phalanx.DataAccess.csproj
		SccProjectName3 = Phalanx.DataAccess
		SccLocalPath3 = Phalanx.DataAccess
		SccProjectUniqueName4 = Phalanx.UI.Controls\\Phalanx.UI.Controls.csproj
		SccProjectName4 = Phalanx.UI.Controls
		SccLocalPath4 = Phalanx.UI.Controls
		SccProjectUniqueName5 = Phalanx.UI\\Phalanx.UI.csproj
		SccProjectName5 = Phalanx.UI
		SccLocalPath5 = Phalanx.UI
	EndGlobalSection
	GlobalSection(SolutionConfigurationPlatforms) = preSolution
		Debug|Any CPU = Debug|Any CPU
		Debug|Mixed Platforms = Debug|Mixed Platforms
		Debug|x86 = Debug|x86
		Release|Any CPU = Release|Any CPU
		Release|Mixed Platforms = Release|Mixed Platforms
		Release|x86 = Release|x86
	EndGlobalSection
	GlobalSection(ProjectConfigurationPlatforms) = postSolution
		{5554A014-C9F9-44CE-AEC7-AD3C3236C4A0}.Debug|Any CPU.ActiveCfg = Debug|x86
		{5554A014-C9F9-44CE-AEC7-AD3C3236C4A0}.Debug|Mixed Platforms.ActiveCfg = Debug|x86
		{5554A014-C9F9-44CE-AEC7-AD3C3236C4A0}.Debug|Mixed Platforms.Build.0 = Debug|x86
		{5554A014-C9F9-44CE-AEC7-AD3C3236C4A0}.Debug|x86.ActiveCfg = Debug|x86
		{5554A014-C9F9-44CE-AEC7-AD3C3236C4A0}.Debug|x86.Build.0 = Debug|x86
		{5554A014-C9F9-44CE-AEC7-AD3C3236C4A0}.Release|Any CPU.ActiveCfg = Release|x86
		{5554A014-C9F9-44CE-AEC7-AD3C3236C4A0}.Release|Mixed Platforms.ActiveCfg = Release|x86
		{5554A014-C9F9-44CE-AEC7-AD3C3236C4A0}.Release|Mixed Platforms.Build.0 = Release|x86
		{5554A014-C9F9-44CE-AEC7-AD3C3236C4A0}.Release|x86.ActiveCfg = Release|x86
		{5554A014-C9F9-44CE-AEC7-AD3C3236C4A0}.Release|x86.Build.0 = Release|x86
		{393A34FA-5668-48D1-BC8F-6409EE12EE60}.Debug|Any CPU.ActiveCfg = Debug|Any CPU
		{393A34FA-5668-48D1-BC8F-6409EE12EE60}.Debug|Any CPU.Build.0 = Debug|Any CPU
		{393A34FA-5668-48D1-BC8F-6409EE12EE60}.Debug|Mixed Platforms.ActiveCfg = Debug|Any CPU
		{393A34FA-5668-48D1-BC8F-6409EE12EE60}.Debug|Mixed Platforms.Build.0 = Debug|Any CPU
		{393A34FA-5668-48D1-BC8F-6409EE12EE60}.Debug|x86.ActiveCfg = Debug|Any CPU
		{393A34FA-5668-48D1-BC8F-6409EE12EE60}.Release|Any CPU.ActiveCfg = Release|Any CPU
		{393A34FA-5668-48D1-BC8F-6409EE12EE60}.Release|Any CPU.Build.0 = Release|Any CPU
		{393A34FA-5668-48D1-BC8F-6409EE12EE60}.Release|Mixed Platforms.ActiveCfg = Release|Any CPU
		{393A34FA-5668-48D1-BC8F-6409EE12EE60}.Release|Mixed Platforms.Build.0 = Release|Any CPU
		{393A34FA-5668-48D1-BC8F-6409EE12EE60}.Release|x86.ActiveCfg = Release|Any CPU
		{6F845DD3-2F35-46BC-9892-15FD27BC072E}.Debug|Any CPU.ActiveCfg = Debug|Any CPU
		{6F845DD3-2F35-46BC-9892-15FD27BC072E}.Debug|Any CPU.Build.0 = Debug|Any CPU
		{6F845DD3-2F35-46BC-9892-15FD27BC072E}.Debug|Mixed Platforms.ActiveCfg = Debug|Any CPU
		{6F845DD3-2F35-46BC-9892-15FD27BC072E}.Debug|Mixed Platforms.Build.0 = Debug|Any CPU
		{6F845DD3-2F35-46BC-9892-15FD27BC072E}.Debug|x86.ActiveCfg = Debug|Any CPU
		{6F845DD3-2F35-46BC-9892-15FD27BC072E}.Release|Any CPU.ActiveCfg = Release|Any CPU
		{6F845DD3-2F35-46BC-9892-15FD27BC072E}.Release|Any CPU.Build.0 = Release|Any CPU
		{6F845DD3-2F35-46BC-9892-15FD27BC072E}.Release|Mixed Platforms.ActiveCfg = Release|Any CPU
		{6F845DD3-2F35-46BC-9892-15FD27BC072E}.Release|Mixed Platforms.Build.0 = Release|Any CPU
		{6F845DD3-2F35-46BC-9892-15FD27BC072E}.Release|x86.ActiveCfg = Release|Any CPU
		{ECED0CE5-02E8-46DB-B2F6-815E824B3EF0}.Debug|Any CPU.ActiveCfg = Debug|Any CPU
		{ECED0CE5-02E8-46DB-B2F6-815E824B3EF0}.Debug|Any CPU.Build.0 = Debug|Any CPU
		{ECED0CE5-02E8-46DB-B2F6-815E824B3EF0}.Debug|Mixed Platforms.ActiveCfg = Debug|Any CPU
		{ECED0CE5-02E8-46DB-B2F6-815E824B3EF0}.Debug|Mixed Platforms.Build.0 = Debug|Any CPU
		{ECED0CE5-02E8-46DB-B2F6-815E824B3EF0}.Debug|x86.ActiveCfg = Debug|Any CPU
		{ECED0CE5-02E8-46DB-B2F6-815E824B3EF0}.Release|Any CPU.ActiveCfg = Release|Any CPU
		{ECED0CE5-02E8-46DB-B2F6-815E824B3EF0}.Release|Any CPU.Build.0 = Release|Any CPU
		{ECED0CE5-02E8-46DB-B2F6-815E824B3EF0}.Release|Mixed Platforms.ActiveCfg = Release|Any CPU
		{ECED0CE5-02E8-46DB-B2F6-815E824B3EF0}.Release|Mixed Platforms.Build.0 = Release|Any CPU
		{ECED0CE5-02E8-46DB-B2F6-815E824B3EF0}.Release|x86.ActiveCfg = Release|Any CPU
		{A697586E-237E-43E5-90C9-7AB83B1922EF}.Debug|Any CPU.ActiveCfg = Debug|Any CPU
		{A697586E-237E-43E5-90C9-7AB83B1922EF}.Debug|Any CPU.Build.0 = Debug|Any CPU
		{A697586E-237E-43E5-90C9-7AB83B1922EF}.Debug|Mixed Platforms.ActiveCfg = Debug|Any CPU
		{A697586E-237E-43E5-90C9-7AB83B1922EF}.Debug|Mixed Platforms.Build.0 = Debug|Any CPU
		{A697586E-237E-43E5-90C9-7AB83B1922EF}.Debug|x86.ActiveCfg = Debug|Any CPU
		{A697586E-237E-43E5-90C9-7AB83B1922EF}.Release|Any CPU.ActiveCfg = Release|Any CPU
		{A697586E-237E-43E5-90C9-7AB83B1922EF}.Release|Any CPU.Build.0 = Release|Any CPU
		{A697586E-237E-43E5-90C9-7AB83B1922EF}.Release|Mixed Platforms.ActiveCfg = Release|Any CPU
		{A697586E-237E-43E5-90C9-7AB83B1922EF}.Release|Mixed Platforms.Build.0 = Release|Any CPU
		{A697586E-237E-43E5-90C9-7AB83B1922EF}.Release|x86.ActiveCfg = Release|Any CPU
	EndGlobalSection
	GlobalSection(SolutionProperties) = preSolution
		HideSolutionNode = FALSE
	EndGlobalSection
EndGlobal
